
Microsoft Visual Studio Solution File, Format Version 12.00
# Visual Studio Version 16
VisualStudioVersion = 16.0.31105.61
MinimumVisualStudioVersion = 10.0.40219.1
Project("{FAE04EC0-301F-11D3-BF4B-00C04F79EFBC}") = "mailSendingSMTP", "mailSendingSMTP\mailSendingSMTP.csproj", "{AD1377A7-B1FF-4763-A8D9-7DF38F93D501}"
EndProject
Global
	GlobalSection(SolutionConfigurationPlatforms) = preSolution
		Debug|Any CPU = Debug|Any CPU
		Release|Any CPU = Release|Any CPU
	EndGlobalSection
	GlobalSection(ProjectConfigurationPlatforms) = postSolution
		{AD1377A7-B1FF-4763-A8D9-7DF38F93D501}.Debug|Any CPU.ActiveCfg = Debug|Any CPU
		{AD1377A7-B1FF-4763-A8D9-7DF38F93D501}.Debug|Any CPU.Build.0 = Debug|Any CPU
		{AD1377A7-B1FF-4763-A8D9-7DF38F93D501}.Release|Any CPU.ActiveCfg = Release|Any CPU
		{AD1377A7-B1FF-4763-A8D9-7DF38F93D501}.Release|Any CPU.Build.0 = Release|Any CPU
	EndGlobalSection
	GlobalSection(SolutionProperties) = preSolution
		HideSolutionNode = FALSE
	EndGlobalSection
	GlobalSection(ExtensibilityGlobals) = postSolution
		SolutionGuid = {C35E34A2-050E-44C0-9742-71853A71B7CF}
	EndGlobalSection
EndGlobal
